{
  "name": "wsopcua-test-server",
  "version": "0.0.1",
  "lockfileVersion": 1,
  "requires": true,
  "dependencies": {
    "@types/node": {
      "version": "13.5.1",
      "resolved": "https://jfrog.engel.int:443/artifactory/api/npm/cc-npm-virtual/@types/node/-/node-13.5.1.tgz",
      "integrity": "sha1-b65QiS0YQfSziymOL3j7aMWWDLk=",
      "dev": true
    },
    "typescript": {
      "version": "3.6.2",
      "resolved": "https://jfrog.engel.int:443/artifactory/api/npm/cc-npm-virtual/typescript/-/typescript-3.6.2.tgz",
      "integrity": "sha1-EFsPGTQRnd5UOsjrca86kQCe/lQ=",
      "dev": true
    }
  }
}
